
Microsoft Visual Studio Solution File, Format Version 12.00
# Visual Studio 15
VisualStudioVersion = 15.0.28307.421
MinimumVisualStudioVersion = 10.0.40219.1
Project("{FAE04EC0-301F-11D3-BF4B-00C04F79EFBC}") = "ProjetThotE-Learning", "ProjetThotE-Learning\ProjetThotE-Learning.csproj", "{EADCFD2B-8F8B-45FD-B9B1-375AAD970080}"
EndProject
Global
	GlobalSection(SolutionConfigurationPlatforms) = preSolution
		Debug|Any CPU = Debug|Any CPU
		Release|Any CPU = Release|Any CPU
	EndGlobalSection
	GlobalSection(ProjectConfigurationPlatforms) = postSolution
		{EADCFD2B-8F8B-45FD-B9B1-375AAD970080}.Debug|Any CPU.ActiveCfg = Debug|Any CPU
		{EADCFD2B-8F8B-45FD-B9B1-375AAD970080}.Debug|Any CPU.Build.0 = Debug|Any CPU
		{EADCFD2B-8F8B-45FD-B9B1-375AAD970080}.Release|Any CPU.ActiveCfg = Release|Any CPU
		{EADCFD2B-8F8B-45FD-B9B1-375AAD970080}.Release|Any CPU.Build.0 = Release|Any CPU
	EndGlobalSection
	GlobalSection(SolutionProperties) = preSolution
		HideSolutionNode = FALSE
	EndGlobalSection
	GlobalSection(ExtensibilityGlobals) = postSolution
		SolutionGuid = {32F3DF22-F252-4D3D-91CE-72504C57C3F6}
	EndGlobalSection
EndGlobal
